// !$*UTF8*$!
{
	archiveVersion = 1;
	classes = {
	};
	objectVersion = 46;
	objects = {

/* Begin PBXBuildFile section */
		7FCC6FF64B3EBFEA48A6711E /* libPods.a in Frameworks */ = {isa = PBXBuildFile; fileRef = 1E89688496B90CEDE59E1000 /* libPods.a */; };
		B462D30D16CF07C9006A2081 /* libsqlite3.dylib in Frameworks */ = {isa = PBXBuildFile; fileRef = B462D30C16CF07C9006A2081 /* libsqlite3.dylib */; };
		B462D31016CF0B36006A2081 /* CFNetwork.framework in Frameworks */ = {isa = PBXBuildFile; fileRef = B462D30F16CF0B36006A2081 /* CFNetwork.framework */; };
		B462D32916CF1358006A2081 /* SystemConfiguration.framework in Frameworks */ = {isa = PBXBuildFile; fileRef = B462D32816CF1357006A2081 /* SystemConfiguration.framework */; };
		B462D32B16CF135F006A2081 /* CoreData.framework in Frameworks */ = {isa = PBXBuildFile; fileRef = B462D32A16CF135F006A2081 /* CoreData.framework */; };
		B4AA655E1701F2530042AFE5 /* StoreKit.framework in Frameworks */ = {isa = PBXBuildFile; fileRef = B4AA655D1701F2530042AFE5 /* StoreKit.framework */; };
		B4CD5C1B16BC161C00DD350B /* UIKit.framework in Frameworks */ = {isa = PBXBuildFile; fileRef = B4CD5C1A16BC161C00DD350B /* UIKit.framework */; };
		B4CD5C1D16BC161C00DD350B /* Foundation.framework in Frameworks */ = {isa = PBXBuildFile; fileRef = B4CD5C1C16BC161C00DD350B /* Foundation.framework */; };
		B4CD5C1F16BC161C00DD350B /* CoreGraphics.framework in Frameworks */ = {isa = PBXBuildFile; fileRef = B4CD5C1E16BC161C00DD350B /* CoreGraphics.framework */; };
		B4CD5C4316BC161C00DD350B /* UIKit.framework in Frameworks */ = {isa = PBXBuildFile; fileRef = B4CD5C1A16BC161C00DD350B /* UIKit.framework */; };
		B4CD5C4416BC161C00DD350B /* Foundation.framework in Frameworks */ = {isa = PBXBuildFile; fileRef = B4CD5C1C16BC161C00DD350B /* Foundation.framework */; };
		B4CD5C4C16BC161C00DD350B /* InfoPlist.strings in Resources */ = {isa = PBXBuildFile; fileRef = B4CD5C4A16BC161C00DD350B /* InfoPlist.strings */; };
		B4CD5C4F16BC161C00DD350B /* MyPlan_5Tests.m in Sources */ = {isa = PBXBuildFile; fileRef = B4CD5C4E16BC161C00DD350B /* MyPlan_5Tests.m */; };
		B4CD5C6416BC186B00DD350B /* QuartzCore.framework in Frameworks */ = {isa = PBXBuildFile; fileRef = B4CD5C6316BC186B00DD350B /* QuartzCore.framework */; };
		C93F44E7F501E7A7D4C2C57D /* libPods-MyPlan 5.a in Frameworks */ = {isa = PBXBuildFile; fileRef = 1BBCFEBD44FE8F334D5197D0 /* libPods-MyPlan 5.a */; };
		FB04256D1AE056A8002F794F /* MPPlanViewController.swift in Sources */ = {isa = PBXBuildFile; fileRef = FB04256C1AE056A8002F794F /* MPPlanViewController.swift */; };
		FBB53CCE1AE06FAF0086B182 /* MPMarksViewController.swift in Sources */ = {isa = PBXBuildFile; fileRef = FBB53CCD1AE06FAF0086B182 /* MPMarksViewController.swift */; };
		FBB53CDC1AE076240086B182 /* Data.xcdatamodeld in Sources */ = {isa = PBXBuildFile; fileRef = FBB53CCF1AE076240086B182 /* Data.xcdatamodeld */; };
		FBB53CDD1AE076240086B182 /* Day.swift in Sources */ = {isa = PBXBuildFile; fileRef = FBB53CD11AE076240086B182 /* Day.swift */; };
		FBB53CDE1AE076240086B182 /* Event.swift in Sources */ = {isa = PBXBuildFile; fileRef = FBB53CD21AE076240086B182 /* Event.swift */; };
		FBB53CDF1AE076240086B182 /* Homework.swift in Sources */ = {isa = PBXBuildFile; fileRef = FBB53CD31AE076240086B182 /* Homework.swift */; };
		FBB53CE01AE076240086B182 /* Houre.swift in Sources */ = {isa = PBXBuildFile; fileRef = FBB53CD41AE076240086B182 /* Houre.swift */; };
		FBB53CE11AE076240086B182 /* Image.swift in Sources */ = {isa = PBXBuildFile; fileRef = FBB53CD51AE076240086B182 /* Image.swift */; };
		FBB53CE21AE076240086B182 /* Mark.swift in Sources */ = {isa = PBXBuildFile; fileRef = FBB53CD61AE076240086B182 /* Mark.swift */; };
		FBB53CE31AE076240086B182 /* Marks.swift in Sources */ = {isa = PBXBuildFile; fileRef = FBB53CD71AE076240086B182 /* Marks.swift */; };
		FBB53CE41AE076240086B182 /* Note.swift in Sources */ = {isa = PBXBuildFile; fileRef = FBB53CD81AE076240086B182 /* Note.swift */; };
		FBB53CE51AE076240086B182 /* Person.swift in Sources */ = {isa = PBXBuildFile; fileRef = FBB53CD91AE076240086B182 /* Person.swift */; };
		FBB53CE61AE076240086B182 /* Plan.swift in Sources */ = {isa = PBXBuildFile; fileRef = FBB53CDA1AE076240086B182 /* Plan.swift */; };
		FBB53CE71AE076240086B182 /* Subject.swift in Sources */ = {isa = PBXBuildFile; fileRef = FBB53CDB1AE076240086B182 /* Subject.swift */; };
		FBB53CEA1AE076CA0086B182 /* Media.xcassets in Resources */ = {isa = PBXBuildFile; fileRef = FBB53CE91AE076CA0086B182 /* Media.xcassets */; };
		FBD2B23C1AD35ECA00E96788 /* AppDelegate.swift in Sources */ = {isa = PBXBuildFile; fileRef = FBD2B23B1AD35ECA00E96788 /* AppDelegate.swift */; };
		FBD2B26C1AD362D800E96788 /* MPMenuView.swift in Sources */ = {isa = PBXBuildFile; fileRef = FBD2B26B1AD362D800E96788 /* MPMenuView.swift */; };
		FBD2B26E1AD365AD00E96788 /* MPPersonView.swift in Sources */ = {isa = PBXBuildFile; fileRef = FBD2B26D1AD365AD00E96788 /* MPPersonView.swift */; };
/* End PBXBuildFile section */

/* Begin PBXContainerItemProxy section */
		B4CD5C4516BC161C00DD350B /* PBXContainerItemProxy */ = {
			isa = PBXContainerItemProxy;
			containerPortal = B4CD5C0F16BC161C00DD350B /* Project object */;
			proxyType = 1;
			remoteGlobalIDString = B4CD5C1616BC161C00DD350B;
			remoteInfo = "MyPlan 5";
		};
/* End PBXContainerItemProxy section */

/* Begin PBXFileReference section */
		1BBCFEBD44FE8F334D5197D0 /* libPods-MyPlan 5.a */ = {isa = PBXFileReference; explicitFileType = archive.ar; includeInIndex = 0; path = "libPods-MyPlan 5.a"; sourceTree = BUILT_PRODUCTS_DIR; };
		1E89688496B90CEDE59E1000 /* libPods.a */ = {isa = PBXFileReference; explicitFileType = archive.ar; includeInIndex = 0; path = libPods.a; sourceTree = BUILT_PRODUCTS_DIR; };
		80B4FC85E6C2BE2807FBB335 /* Pods-MyPlan 5.debug.xcconfig */ = {isa = PBXFileReference; includeInIndex = 1; lastKnownFileType = text.xcconfig; name = "Pods-MyPlan 5.debug.xcconfig"; path = "Pods/Target Support Files/Pods-MyPlan 5/Pods-MyPlan 5.debug.xcconfig"; sourceTree = "<group>"; };
		B24C87A43DDC929E319E7104 /* Pods-MyPlan 5.release.xcconfig */ = {isa = PBXFileReference; includeInIndex = 1; lastKnownFileType = text.xcconfig; name = "Pods-MyPlan 5.release.xcconfig"; path = "Pods/Target Support Files/Pods-MyPlan 5/Pods-MyPlan 5.release.xcconfig"; sourceTree = "<group>"; };
		B462D30C16CF07C9006A2081 /* libsqlite3.dylib */ = {isa = PBXFileReference; lastKnownFileType = "compiled.mach-o.dylib"; name = libsqlite3.dylib; path = usr/lib/libsqlite3.dylib; sourceTree = SDKROOT; };
		B462D30F16CF0B36006A2081 /* CFNetwork.framework */ = {isa = PBXFileReference; lastKnownFileType = wrapper.framework; name = CFNetwork.framework; path = System/Library/Frameworks/CFNetwork.framework; sourceTree = SDKROOT; };
		B462D32816CF1357006A2081 /* SystemConfiguration.framework */ = {isa = PBXFileReference; lastKnownFileType = wrapper.framework; name = SystemConfiguration.framework; path = System/Library/Frameworks/SystemConfiguration.framework; sourceTree = SDKROOT; };
		B462D32A16CF135F006A2081 /* CoreData.framework */ = {isa = PBXFileReference; lastKnownFileType = wrapper.framework; name = CoreData.framework; path = System/Library/Frameworks/CoreData.framework; sourceTree = SDKROOT; };
		B4A2345416FE0EFC00101EE9 /* iAd.framework */ = {isa = PBXFileReference; lastKnownFileType = wrapper.framework; name = iAd.framework; path = System/Library/Frameworks/iAd.framework; sourceTree = SDKROOT; };
		B4AA655D1701F2530042AFE5 /* StoreKit.framework */ = {isa = PBXFileReference; lastKnownFileType = wrapper.framework; name = StoreKit.framework; path = System/Library/Frameworks/StoreKit.framework; sourceTree = SDKROOT; };
		B4AE14CF16CEBDF5000F3A1C /* MyPlan 5.entitlements */ = {isa = PBXFileReference; lastKnownFileType = text.xml; path = "MyPlan 5.entitlements"; sourceTree = "<group>"; };
		B4CD5C1716BC161C00DD350B /* MyPlan 5.app */ = {isa = PBXFileReference; explicitFileType = wrapper.application; includeInIndex = 0; path = "MyPlan 5.app"; sourceTree = BUILT_PRODUCTS_DIR; };
		B4CD5C1A16BC161C00DD350B /* UIKit.framework */ = {isa = PBXFileReference; lastKnownFileType = wrapper.framework; name = UIKit.framework; path = System/Library/Frameworks/UIKit.framework; sourceTree = SDKROOT; };
		B4CD5C1C16BC161C00DD350B /* Foundation.framework */ = {isa = PBXFileReference; lastKnownFileType = wrapper.framework; name = Foundation.framework; path = System/Library/Frameworks/Foundation.framework; sourceTree = SDKROOT; };
		B4CD5C1E16BC161C00DD350B /* CoreGraphics.framework */ = {isa = PBXFileReference; lastKnownFileType = wrapper.framework; name = CoreGraphics.framework; path = System/Library/Frameworks/CoreGraphics.framework; sourceTree = SDKROOT; };
		B4CD5C2216BC161C00DD350B /* MyPlan 5-Info.plist */ = {isa = PBXFileReference; lastKnownFileType = text.plist.xml; path = "MyPlan 5-Info.plist"; sourceTree = "<group>"; };
		B4CD5C2616BC161C00DD350B /* main.m */ = {isa = PBXFileReference; lastKnownFileType = sourcecode.c.objc; path = main.m; sourceTree = "<group>"; };
		B4CD5C2816BC161C00DD350B /* MyPlan 5-Prefix.pch */ = {isa = PBXFileReference; lastKnownFileType = sourcecode.c.h; path = "MyPlan 5-Prefix.pch"; sourceTree = "<group>"; };
		B4CD5C4016BC161C00DD350B /* MyPlan 5Tests.xctest */ = {isa = PBXFileReference; explicitFileType = wrapper.cfbundle; includeInIndex = 0; path = "MyPlan 5Tests.xctest"; sourceTree = BUILT_PRODUCTS_DIR; };
		B4CD5C4916BC161C00DD350B /* MyPlan 5Tests-Info.plist */ = {isa = PBXFileReference; lastKnownFileType = text.plist.xml; path = "MyPlan 5Tests-Info.plist"; sourceTree = "<group>"; };
		B4CD5C4B16BC161C00DD350B /* en */ = {isa = PBXFileReference; lastKnownFileType = text.plist.strings; name = en; path = en.lproj/InfoPlist.strings; sourceTree = "<group>"; };
		B4CD5C4D16BC161C00DD350B /* MyPlan_5Tests.h */ = {isa = PBXFileReference; lastKnownFileType = sourcecode.c.h; path = MyPlan_5Tests.h; sourceTree = "<group>"; };
		B4CD5C4E16BC161C00DD350B /* MyPlan_5Tests.m */ = {isa = PBXFileReference; lastKnownFileType = sourcecode.c.objc; path = MyPlan_5Tests.m; sourceTree = "<group>"; };
		B4CD5C6316BC186B00DD350B /* QuartzCore.framework */ = {isa = PBXFileReference; lastKnownFileType = wrapper.framework; name = QuartzCore.framework; path = System/Library/Frameworks/QuartzCore.framework; sourceTree = SDKROOT; };
		FB04256C1AE056A8002F794F /* MPPlanViewController.swift */ = {isa = PBXFileReference; fileEncoding = 4; lastKnownFileType = sourcecode.swift; path = MPPlanViewController.swift; sourceTree = "<group>"; };
		FBB53CCD1AE06FAF0086B182 /* MPMarksViewController.swift */ = {isa = PBXFileReference; fileEncoding = 4; lastKnownFileType = sourcecode.swift; path = MPMarksViewController.swift; sourceTree = "<group>"; };
		FBB53CD01AE076240086B182 /* Data.xcdatamodel */ = {isa = PBXFileReference; lastKnownFileType = wrapper.xcdatamodel; path = Data.xcdatamodel; sourceTree = "<group>"; };
		FBB53CD11AE076240086B182 /* Day.swift */ = {isa = PBXFileReference; fileEncoding = 4; lastKnownFileType = sourcecode.swift; name = Day.swift; path = Database/Day.swift; sourceTree = "<group>"; };
		FBB53CD21AE076240086B182 /* Event.swift */ = {isa = PBXFileReference; fileEncoding = 4; lastKnownFileType = sourcecode.swift; name = Event.swift; path = Database/Event.swift; sourceTree = "<group>"; };
		FBB53CD31AE076240086B182 /* Homework.swift */ = {isa = PBXFileReference; fileEncoding = 4; lastKnownFileType = sourcecode.swift; name = Homework.swift; path = Database/Homework.swift; sourceTree = "<group>"; };
		FBB53CD41AE076240086B182 /* Houre.swift */ = {isa = PBXFileReference; fileEncoding = 4; lastKnownFileType = sourcecode.swift; name = Houre.swift; path = Database/Houre.swift; sourceTree = "<group>"; };
		FBB53CD51AE076240086B182 /* Image.swift */ = {isa = PBXFileReference; fileEncoding = 4; lastKnownFileType = sourcecode.swift; name = Image.swift; path = Database/Image.swift; sourceTree = "<group>"; };
		FBB53CD61AE076240086B182 /* Mark.swift */ = {isa = PBXFileReference; fileEncoding = 4; lastKnownFileType = sourcecode.swift; name = Mark.swift; path = Database/Mark.swift; sourceTree = "<group>"; };
		FBB53CD71AE076240086B182 /* Marks.swift */ = {isa = PBXFileReference; fileEncoding = 4; lastKnownFileType = sourcecode.swift; name = Marks.swift; path = Database/Marks.swift; sourceTree = "<group>"; };
		FBB53CD81AE076240086B182 /* Note.swift */ = {isa = PBXFileReference; fileEncoding = 4; lastKnownFileType = sourcecode.swift; name = Note.swift; path = Database/Note.swift; sourceTree = "<group>"; };
		FBB53CD91AE076240086B182 /* Person.swift */ = {isa = PBXFileReference; fileEncoding = 4; lastKnownFileType = sourcecode.swift; name = Person.swift; path = Database/Person.swift; sourceTree = "<group>"; };
		FBB53CDA1AE076240086B182 /* Plan.swift */ = {isa = PBXFileReference; fileEncoding = 4; lastKnownFileType = sourcecode.swift; name = Plan.swift; path = Database/Plan.swift; sourceTree = "<group>"; };
		FBB53CDB1AE076240086B182 /* Subject.swift */ = {isa = PBXFileReference; fileEncoding = 4; lastKnownFileType = sourcecode.swift; name = Subject.swift; path = Database/Subject.swift; sourceTree = "<group>"; };
		FBB53CE91AE076CA0086B182 /* Media.xcassets */ = {isa = PBXFileReference; lastKnownFileType = folder.assetcatalog; name = Media.xcassets; path = Media/Media.xcassets; sourceTree = SOURCE_ROOT; };
		FBD2B2381AD35E9B00E96788 /* MyPlan 5-Bridging-Header.h */ = {isa = PBXFileReference; lastKnownFileType = sourcecode.c.h; path = "MyPlan 5-Bridging-Header.h"; sourceTree = "<group>"; };
		FBD2B23B1AD35ECA00E96788 /* AppDelegate.swift */ = {isa = PBXFileReference; fileEncoding = 4; lastKnownFileType = sourcecode.swift; path = AppDelegate.swift; sourceTree = "<group>"; };
		FBD2B26B1AD362D800E96788 /* MPMenuView.swift */ = {isa = PBXFileReference; fileEncoding = 4; lastKnownFileType = sourcecode.swift; path = MPMenuView.swift; sourceTree = "<group>"; };
		FBD2B26D1AD365AD00E96788 /* MPPersonView.swift */ = {isa = PBXFileReference; fileEncoding = 4; lastKnownFileType = sourcecode.swift; path = MPPersonView.swift; sourceTree = "<group>"; };
/* End PBXFileReference section */

/* Begin PBXFrameworksBuildPhase section */
		B4CD5C1416BC161C00DD350B /* Frameworks */ = {
			isa = PBXFrameworksBuildPhase;
			buildActionMask = 2147483647;
			files = (
				B4AA655E1701F2530042AFE5 /* StoreKit.framework in Frameworks */,
				B462D32B16CF135F006A2081 /* CoreData.framework in Frameworks */,
				B462D32916CF1358006A2081 /* SystemConfiguration.framework in Frameworks */,
				B462D31016CF0B36006A2081 /* CFNetwork.framework in Frameworks */,
				B462D30D16CF07C9006A2081 /* libsqlite3.dylib in Frameworks */,
				B4CD5C6416BC186B00DD350B /* QuartzCore.framework in Frameworks */,
				B4CD5C1B16BC161C00DD350B /* UIKit.framework in Frameworks */,
				B4CD5C1D16BC161C00DD350B /* Foundation.framework in Frameworks */,
				B4CD5C1F16BC161C00DD350B /* CoreGraphics.framework in Frameworks */,
				C93F44E7F501E7A7D4C2C57D /* libPods-MyPlan 5.a in Frameworks */,
				7FCC6FF64B3EBFEA48A6711E /* libPods.a in Frameworks */,
			);
			runOnlyForDeploymentPostprocessing = 0;
		};
		B4CD5C3C16BC161C00DD350B /* Frameworks */ = {
			isa = PBXFrameworksBuildPhase;
			buildActionMask = 2147483647;
			files = (
				B4CD5C4316BC161C00DD350B /* UIKit.framework in Frameworks */,
				B4CD5C4416BC161C00DD350B /* Foundation.framework in Frameworks */,
			);
			runOnlyForDeploymentPostprocessing = 0;
		};
/* End PBXFrameworksBuildPhase section */

/* Begin PBXGroup section */
		B4CD5C0E16BC161C00DD350B = {
			isa = PBXGroup;
			children = (
				B4CD5C2016BC161C00DD350B /* MyPlan 5 */,
				B4CD5C4716BC161C00DD350B /* MyPlan 5Tests */,
				B4CD5C1916BC161C00DD350B /* Frameworks */,
				B4CD5C1816BC161C00DD350B /* Products */,
				DA0D9C337662D49ED6CD42B2 /* Pods */,
			);
			sourceTree = "<group>";
		};
		B4CD5C1816BC161C00DD350B /* Products */ = {
			isa = PBXGroup;
			children = (
				B4CD5C1716BC161C00DD350B /* MyPlan 5.app */,
				B4CD5C4016BC161C00DD350B /* MyPlan 5Tests.xctest */,
			);
			name = Products;
			sourceTree = "<group>";
		};
		B4CD5C1916BC161C00DD350B /* Frameworks */ = {
			isa = PBXGroup;
			children = (
				B4A2345416FE0EFC00101EE9 /* iAd.framework */,
				B4AA655D1701F2530042AFE5 /* StoreKit.framework */,
				B462D32A16CF135F006A2081 /* CoreData.framework */,
				B462D32816CF1357006A2081 /* SystemConfiguration.framework */,
				B462D30C16CF07C9006A2081 /* libsqlite3.dylib */,
				B462D30F16CF0B36006A2081 /* CFNetwork.framework */,
				B4CD5C6316BC186B00DD350B /* QuartzCore.framework */,
				B4CD5C1A16BC161C00DD350B /* UIKit.framework */,
				B4CD5C1C16BC161C00DD350B /* Foundation.framework */,
				B4CD5C1E16BC161C00DD350B /* CoreGraphics.framework */,
				1BBCFEBD44FE8F334D5197D0 /* libPods-MyPlan 5.a */,
				1E89688496B90CEDE59E1000 /* libPods.a */,
			);
			name = Frameworks;
			sourceTree = "<group>";
		};
		B4CD5C2016BC161C00DD350B /* MyPlan 5 */ = {
			isa = PBXGroup;
			children = (
				FBB53CE81AE076880086B182 /* Media */,
				FBF7F4A41AD2B07000F4C495 /* AppDelegate */,
				FBF7F4A31AD2204300F4C495 /* Database */,
				B4CD5C7716BC1A8800DD350B /* _Rear Menu */,
				B4CD5C2116BC161C00DD350B /* Supporting Files */,
			);
			path = "MyPlan 5";
			sourceTree = "<group>";
		};
		B4CD5C2116BC161C00DD350B /* Supporting Files */ = {
			isa = PBXGroup;
			children = (
				FBD2B2381AD35E9B00E96788 /* MyPlan 5-Bridging-Header.h */,
				B4AE14CF16CEBDF5000F3A1C /* MyPlan 5.entitlements */,
				B4CD5C2216BC161C00DD350B /* MyPlan 5-Info.plist */,
				B4CD5C2616BC161C00DD350B /* main.m */,
				B4CD5C2816BC161C00DD350B /* MyPlan 5-Prefix.pch */,
			);
			name = "Supporting Files";
			sourceTree = "<group>";
		};
		B4CD5C4716BC161C00DD350B /* MyPlan 5Tests */ = {
			isa = PBXGroup;
			children = (
				B4CD5C4D16BC161C00DD350B /* MyPlan_5Tests.h */,
				B4CD5C4E16BC161C00DD350B /* MyPlan_5Tests.m */,
				B4CD5C4816BC161C00DD350B /* Supporting Files */,
			);
			path = "MyPlan 5Tests";
			sourceTree = "<group>";
		};
		B4CD5C4816BC161C00DD350B /* Supporting Files */ = {
			isa = PBXGroup;
			children = (
				B4CD5C4916BC161C00DD350B /* MyPlan 5Tests-Info.plist */,
				B4CD5C4A16BC161C00DD350B /* InfoPlist.strings */,
			);
			name = "Supporting Files";
			sourceTree = "<group>";
		};
		B4CD5C7716BC1A8800DD350B /* _Rear Menu */ = {
			isa = PBXGroup;
			children = (
				FBD2B26B1AD362D800E96788 /* MPMenuView.swift */,
				FBD2B26D1AD365AD00E96788 /* MPPersonView.swift */,
				FB04256C1AE056A8002F794F /* MPPlanViewController.swift */,
				FBB53CCD1AE06FAF0086B182 /* MPMarksViewController.swift */,
			);
			name = "_Rear Menu";
			sourceTree = "<group>";
		};
		DA0D9C337662D49ED6CD42B2 /* Pods */ = {
			isa = PBXGroup;
			children = (
				80B4FC85E6C2BE2807FBB335 /* Pods-MyPlan 5.debug.xcconfig */,
				B24C87A43DDC929E319E7104 /* Pods-MyPlan 5.release.xcconfig */,
			);
			name = Pods;
			sourceTree = "<group>";
		};
		FBB53CE81AE076880086B182 /* Media */ = {
			isa = PBXGroup;
			children = (
				FBB53CE91AE076CA0086B182 /* Media.xcassets */,
			);
			name = Media;
			sourceTree = "<group>";
		};
		FBF7F4A31AD2204300F4C495 /* Database */ = {
			isa = PBXGroup;
			children = (
				FBB53CCF1AE076240086B182 /* Data.xcdatamodeld */,
				FBB53CD11AE076240086B182 /* Day.swift */,
				FBB53CD21AE076240086B182 /* Event.swift */,
				FBB53CD31AE076240086B182 /* Homework.swift */,
				FBB53CD41AE076240086B182 /* Houre.swift */,
				FBB53CD51AE076240086B182 /* Image.swift */,
				FBB53CD61AE076240086B182 /* Mark.swift */,
				FBB53CD71AE076240086B182 /* Marks.swift */,
				FBB53CD81AE076240086B182 /* Note.swift */,
				FBB53CD91AE076240086B182 /* Person.swift */,
				FBB53CDA1AE076240086B182 /* Plan.swift */,
				FBB53CDB1AE076240086B182 /* Subject.swift */,
			);
			name = Database;
			sourceTree = "<group>";
		};
		FBF7F4A41AD2B07000F4C495 /* AppDelegate */ = {
			isa = PBXGroup;
			children = (
				FBD2B23B1AD35ECA00E96788 /* AppDelegate.swift */,
			);
			name = AppDelegate;
			sourceTree = "<group>";
		};
/* End PBXGroup section */

/* Begin PBXNativeTarget section */
		B4CD5C1616BC161C00DD350B /* MyPlan 5 */ = {
			isa = PBXNativeTarget;
			buildConfigurationList = B4CD5C5216BC161C00DD350B /* Build configuration list for PBXNativeTarget "MyPlan 5" */;
			buildPhases = (
				33D1D6EB07DB03CBE6A8E7B4 /* Check Pods Manifest.lock */,
				B4CD5C1316BC161C00DD350B /* Sources */,
				B4CD5C1416BC161C00DD350B /* Frameworks */,
				B4CD5C1516BC161C00DD350B /* Resources */,
				726B9A942C533CB3528651E0 /* Copy Pods Resources */,
			);
			buildRules = (
			);
			dependencies = (
			);
			name = "MyPlan 5";
			productName = "MyPlan 5";
			productReference = B4CD5C1716BC161C00DD350B /* MyPlan 5.app */;
			productType = "com.apple.product-type.application";
		};
		B4CD5C3F16BC161C00DD350B /* MyPlan 5Tests */ = {
			isa = PBXNativeTarget;
			buildConfigurationList = B4CD5C5516BC161C00DD350B /* Build configuration list for PBXNativeTarget "MyPlan 5Tests" */;
			buildPhases = (
				B4CD5C3B16BC161C00DD350B /* Sources */,
				B4CD5C3C16BC161C00DD350B /* Frameworks */,
				B4CD5C3D16BC161C00DD350B /* Resources */,
				B4CD5C3E16BC161C00DD350B /* ShellScript */,
			);
			buildRules = (
			);
			dependencies = (
				B4CD5C4616BC161C00DD350B /* PBXTargetDependency */,
			);
			name = "MyPlan 5Tests";
			productName = "MyPlan 5Tests";
			productReference = B4CD5C4016BC161C00DD350B /* MyPlan 5Tests.xctest */;
			productType = "com.apple.product-type.bundle.unit-test";
		};
/* End PBXNativeTarget section */

/* Begin PBXProject section */
		B4CD5C0F16BC161C00DD350B /* Project object */ = {
			isa = PBXProject;
			attributes = {
				LastTestingUpgradeCheck = 0510;
				LastUpgradeCheck = 0460;
				ORGANIZATIONNAME = "Jannik Lorenz";
			};
			buildConfigurationList = B4CD5C1216BC161C00DD350B /* Build configuration list for PBXProject "MyPlan 5" */;
			compatibilityVersion = "Xcode 3.2";
			developmentRegion = English;
			hasScannedForEncodings = 0;
			knownRegions = (
				en,
			);
			mainGroup = B4CD5C0E16BC161C00DD350B;
			productRefGroup = B4CD5C1816BC161C00DD350B /* Products */;
			projectDirPath = "";
			projectRoot = "";
			targets = (
				B4CD5C1616BC161C00DD350B /* MyPlan 5 */,
				B4CD5C3F16BC161C00DD350B /* MyPlan 5Tests */,
			);
		};
/* End PBXProject section */

/* Begin PBXResourcesBuildPhase section */
		B4CD5C1516BC161C00DD350B /* Resources */ = {
			isa = PBXResourcesBuildPhase;
			buildActionMask = 2147483647;
			files = (
				FBB53CEA1AE076CA0086B182 /* Media.xcassets in Resources */,
			);
			runOnlyForDeploymentPostprocessing = 0;
		};
		B4CD5C3D16BC161C00DD350B /* Resources */ = {
			isa = PBXResourcesBuildPhase;
			buildActionMask = 2147483647;
			files = (
				B4CD5C4C16BC161C00DD350B /* InfoPlist.strings in Resources */,
			);
			runOnlyForDeploymentPostprocessing = 0;
		};
/* End PBXResourcesBuildPhase section */

/* Begin PBXShellScriptBuildPhase section */
		33D1D6EB07DB03CBE6A8E7B4 /* Check Pods Manifest.lock */ = {
			isa = PBXShellScriptBuildPhase;
			buildActionMask = 2147483647;
			files = (
			);
			inputPaths = (
			);
			name = "Check Pods Manifest.lock";
			outputPaths = (
			);
			runOnlyForDeploymentPostprocessing = 0;
			shellPath = /bin/sh;
			shellScript = "diff \"${PODS_ROOT}/../Podfile.lock\" \"${PODS_ROOT}/Manifest.lock\" > /dev/null\nif [[ $? != 0 ]] ; then\n    cat << EOM\nerror: The sandbox is not in sync with the Podfile.lock. Run 'pod install' or update your CocoaPods installation.\nEOM\n    exit 1\nfi\n";
			showEnvVarsInLog = 0;
		};
		726B9A942C533CB3528651E0 /* Copy Pods Resources */ = {
			isa = PBXShellScriptBuildPhase;
			buildActionMask = 2147483647;
			files = (
			);
			inputPaths = (
			);
			name = "Copy Pods Resources";
			outputPaths = (
			);
			runOnlyForDeploymentPostprocessing = 0;
			shellPath = /bin/sh;
			shellScript = "\"${SRCROOT}/Pods/Target Support Files/Pods/Pods-resources.sh\"\n";
			showEnvVarsInLog = 0;
		};
		B4CD5C3E16BC161C00DD350B /* ShellScript */ = {
			isa = PBXShellScriptBuildPhase;
			buildActionMask = 2147483647;
			files = (
			);
			inputPaths = (
			);
			outputPaths = (
			);
			runOnlyForDeploymentPostprocessing = 0;
			shellPath = /bin/sh;
			shellScript = "# Run the unit tests in this test bundle.\n\"${SYSTEM_DEVELOPER_DIR}/Tools/RunUnitTests\"\n";
		};
/* End PBXShellScriptBuildPhase section */

/* Begin PBXSourcesBuildPhase section */
		B4CD5C1316BC161C00DD350B /* Sources */ = {
			isa = PBXSourcesBuildPhase;
			buildActionMask = 2147483647;
			files = (
				FBB53CE01AE076240086B182 /* Houre.swift in Sources */,
				FB04256D1AE056A8002F794F /* MPPlanViewController.swift in Sources */,
				FBD2B26C1AD362D800E96788 /* MPMenuView.swift in Sources */,
				FBB53CDF1AE076240086B182 /* Homework.swift in Sources */,
				FBB53CE51AE076240086B182 /* Person.swift in Sources */,
				FBB53CDC1AE076240086B182 /* Data.xcdatamodeld in Sources */,
				FBB53CE31AE076240086B182 /* Marks.swift in Sources */,
				FBB53CE61AE076240086B182 /* Plan.swift in Sources */,
				FBD2B26E1AD365AD00E96788 /* MPPersonView.swift in Sources */,
				FBB53CCE1AE06FAF0086B182 /* MPMarksViewController.swift in Sources */,
				FBB53CDE1AE076240086B182 /* Event.swift in Sources */,
				FBD2B23C1AD35ECA00E96788 /* AppDelegate.swift in Sources */,
				FBB53CDD1AE076240086B182 /* Day.swift in Sources */,
				FBB53CE41AE076240086B182 /* Note.swift in Sources */,
				FBB53CE21AE076240086B182 /* Mark.swift in Sources */,
				FBB53CE11AE076240086B182 /* Image.swift in Sources */,
				FBB53CE71AE076240086B182 /* Subject.swift in Sources */,
			);
			runOnlyForDeploymentPostprocessing = 0;
		};
		B4CD5C3B16BC161C00DD350B /* Sources */ = {
			isa = PBXSourcesBuildPhase;
			buildActionMask = 2147483647;
			files = (
				B4CD5C4F16BC161C00DD350B /* MyPlan_5Tests.m in Sources */,
			);
			runOnlyForDeploymentPostprocessing = 0;
		};
/* End PBXSourcesBuildPhase section */

/* Begin PBXTargetDependency section */
		B4CD5C4616BC161C00DD350B /* PBXTargetDependency */ = {
			isa = PBXTargetDependency;
			target = B4CD5C1616BC161C00DD350B /* MyPlan 5 */;
			targetProxy = B4CD5C4516BC161C00DD350B /* PBXContainerItemProxy */;
		};
/* End PBXTargetDependency section */

/* Begin PBXVariantGroup section */
		B4CD5C4A16BC161C00DD350B /* InfoPlist.strings */ = {
			isa = PBXVariantGroup;
			children = (
				B4CD5C4B16BC161C00DD350B /* en */,
			);
			name = InfoPlist.strings;
			sourceTree = "<group>";
		};
/* End PBXVariantGroup section */

/* Begin XCBuildConfiguration section */
		B4CD5C5016BC161C00DD350B /* Debug */ = {
			isa = XCBuildConfiguration;
			buildSettings = {
				ALWAYS_SEARCH_USER_PATHS = NO;
				CLANG_CXX_LANGUAGE_STANDARD = "gnu++0x";
				CLANG_CXX_LIBRARY = "libc++";
				CLANG_ENABLE_OBJC_ARC = YES;
				CLANG_WARN_CONSTANT_CONVERSION = YES;
				CLANG_WARN_EMPTY_BODY = YES;
				CLANG_WARN_ENUM_CONVERSION = YES;
				CLANG_WARN_INT_CONVERSION = YES;
				CLANG_WARN__DUPLICATE_METHOD_MATCH = YES;
				CODE_SIGN_IDENTITY = "iPhone Developer: Ulrike Lorenz (XFF4C3Y74R)";
				"CODE_SIGN_IDENTITY[sdk=iphoneos*]" = "iPhone Developer: Ulrike Lorenz (XFF4C3Y74R)";
				COPY_PHASE_STRIP = NO;
				GCC_C_LANGUAGE_STANDARD = gnu99;
				GCC_DYNAMIC_NO_PIC = NO;
				GCC_OPTIMIZATION_LEVEL = 0;
				GCC_PREPROCESSOR_DEFINITIONS = (
					"DEBUG=1",
					"$(inherited)",
				);
				GCC_SYMBOLS_PRIVATE_EXTERN = NO;
				GCC_WARN_ABOUT_RETURN_TYPE = YES;
				GCC_WARN_UNINITIALIZED_AUTOS = YES;
				GCC_WARN_UNUSED_VARIABLE = YES;
				IPHONEOS_DEPLOYMENT_TARGET = 7.0;
				ONLY_ACTIVE_ARCH = YES;
				PROVISIONING_PROFILE = "53D97575-9732-4588-8773-2FE602A12BAC";
				"PROVISIONING_PROFILE[sdk=iphoneos*]" = "53D97575-9732-4588-8773-2FE602A12BAC";
				SDKROOT = iphoneos;
				TARGETED_DEVICE_FAMILY = "1,2";
			};
			name = Debug;
		};
		B4CD5C5116BC161C00DD350B /* Release */ = {
			isa = XCBuildConfiguration;
			buildSettings = {
				ALWAYS_SEARCH_USER_PATHS = NO;
				CLANG_CXX_LANGUAGE_STANDARD = "gnu++0x";
				CLANG_CXX_LIBRARY = "libc++";
				CLANG_ENABLE_OBJC_ARC = YES;
				CLANG_WARN_CONSTANT_CONVERSION = YES;
				CLANG_WARN_EMPTY_BODY = YES;
				CLANG_WARN_ENUM_CONVERSION = YES;
				CLANG_WARN_INT_CONVERSION = YES;
				CLANG_WARN__DUPLICATE_METHOD_MATCH = YES;
				CODE_SIGN_IDENTITY = "iPhone Developer: Ulrike Lorenz (XFF4C3Y74R)";
				"CODE_SIGN_IDENTITY[sdk=iphoneos*]" = "iPhone Developer: Ulrike Lorenz (XFF4C3Y74R)";
				COPY_PHASE_STRIP = YES;
				GCC_C_LANGUAGE_STANDARD = gnu99;
				GCC_WARN_ABOUT_RETURN_TYPE = YES;
				GCC_WARN_UNINITIALIZED_AUTOS = YES;
				GCC_WARN_UNUSED_VARIABLE = YES;
				IPHONEOS_DEPLOYMENT_TARGET = 7.0;
				OTHER_CFLAGS = "-DNS_BLOCK_ASSERTIONS=1";
				PROVISIONING_PROFILE = "53D97575-9732-4588-8773-2FE602A12BAC";
				"PROVISIONING_PROFILE[sdk=iphoneos*]" = "53D97575-9732-4588-8773-2FE602A12BAC";
				SDKROOT = iphoneos;
				TARGETED_DEVICE_FAMILY = "1,2";
				VALIDATE_PRODUCT = YES;
			};
			name = Release;
		};
		B4CD5C5316BC161C00DD350B /* Debug */ = {
			isa = XCBuildConfiguration;
			baseConfigurationReference = 80B4FC85E6C2BE2807FBB335 /* Pods-MyPlan 5.debug.xcconfig */;
			buildSettings = {
				ASSETCATALOG_COMPILER_APPICON_NAME = AppIcon;
				ASSETCATALOG_COMPILER_LAUNCHIMAGE_NAME = LaunchImage;
				CLANG_ENABLE_MODULES = YES;
				CODE_SIGN_ENTITLEMENTS = "MyPlan 5/MyPlan 5.entitlements";
				CODE_SIGN_IDENTITY = "iPhone Developer: Ulrike Lorenz (XFF4C3Y74R)";
				"CODE_SIGN_IDENTITY[sdk=iphoneos*]" = "iPhone Developer: Ulrike Lorenz (XFF4C3Y74R)";
				GCC_PRECOMPILE_PREFIX_HEADER = YES;
				GCC_PREFIX_HEADER = "MyPlan 5/MyPlan 5-Prefix.pch";
				INFOPLIST_FILE = "MyPlan 5/MyPlan 5-Info.plist";
				IPHONEOS_DEPLOYMENT_TARGET = 7.0;
				LD_RUNPATH_SEARCH_PATHS = "$(inherited) @executable_path/Frameworks";
				LIBRARY_SEARCH_PATHS = (
					"$(inherited)",
					"\"$(SRCROOT)/MyPlan 5\"",
				);
				PRODUCT_NAME = "$(TARGET_NAME)";
				PROVISIONING_PROFILE = "53D97575-9732-4588-8773-2FE602A12BAC";
				"PROVISIONING_PROFILE[sdk=iphoneos*]" = "53D97575-9732-4588-8773-2FE602A12BAC";
				SWIFT_OBJC_BRIDGING_HEADER = "MyPlan 5/MyPlan 5-Bridging-Header.h";
				SWIFT_OPTIMIZATION_LEVEL = "-Onone";
				WRAPPER_EXTENSION = app;
			};
			name = Debug;
		};
		B4CD5C5416BC161C00DD350B /* Release */ = {
			isa = XCBuildConfiguration;
			baseConfigurationReference = B24C87A43DDC929E319E7104 /* Pods-MyPlan 5.release.xcconfig */;
			buildSettings = {
				ASSETCATALOG_COMPILER_APPICON_NAME = AppIcon;
				ASSETCATALOG_COMPILER_LAUNCHIMAGE_NAME = LaunchImage;
				CLANG_ENABLE_MODULES = YES;
				CODE_SIGN_ENTITLEMENTS = "MyPlan 5/MyPlan 5.entitlements";
				CODE_SIGN_IDENTITY = "iPhone Developer: Ulrike Lorenz (XFF4C3Y74R)";
				"CODE_SIGN_IDENTITY[sdk=iphoneos*]" = "iPhone Developer: Ulrike Lorenz (XFF4C3Y74R)";
				GCC_PRECOMPILE_PREFIX_HEADER = YES;
				GCC_PREFIX_HEADER = "MyPlan 5/MyPlan 5-Prefix.pch";
				INFOPLIST_FILE = "MyPlan 5/MyPlan 5-Info.plist";
				IPHONEOS_DEPLOYMENT_TARGET = 7.0;
				LD_RUNPATH_SEARCH_PATHS = "$(inherited) @executable_path/Frameworks";
				LIBRARY_SEARCH_PATHS = (
					"$(inherited)",
					"\"$(SRCROOT)/MyPlan 5\"",
				);
				PRODUCT_NAME = "$(TARGET_NAME)";
				PROVISIONING_PROFILE = "53D97575-9732-4588-8773-2FE602A12BAC";
				"PROVISIONING_PROFILE[sdk=iphoneos*]" = "53D97575-9732-4588-8773-2FE602A12BAC";
				SWIFT_OBJC_BRIDGING_HEADER = "MyPlan 5/MyPlan 5-Bridging-Header.h";
				WRAPPER_EXTENSION = app;
			};
			name = Release;
		};
		B4CD5C5616BC161C00DD350B /* Debug */ = {
			isa = XCBuildConfiguration;
			buildSettings = {
				BUNDLE_LOADER = "$(BUILT_PRODUCTS_DIR)/MyPlan 5.app/MyPlan 5";
				FRAMEWORK_SEARCH_PATHS = (
					"\"$(SDKROOT)/Developer/Library/Frameworks\"",
					"\"$(DEVELOPER_LIBRARY_DIR)/Frameworks\"",
					"$(inherited)",
				);
				GCC_PRECOMPILE_PREFIX_HEADER = YES;
				GCC_PREFIX_HEADER = "MyPlan 5/MyPlan 5-Prefix.pch";
				INFOPLIST_FILE = "MyPlan 5Tests/MyPlan 5Tests-Info.plist";
				LIBRARY_SEARCH_PATHS = (
					"$(inherited)",
					"\"$(SRCROOT)/MyPlan 5\"",
				);
				PRODUCT_NAME = "$(TARGET_NAME)";
				TEST_HOST = "$(BUNDLE_LOADER)";
			};
			name = Debug;
		};
		B4CD5C5716BC161C00DD350B /* Release */ = {
			isa = XCBuildConfiguration;
			buildSettings = {
				BUNDLE_LOADER = "$(BUILT_PRODUCTS_DIR)/MyPlan 5.app/MyPlan 5";
				FRAMEWORK_SEARCH_PATHS = (
					"\"$(SDKROOT)/Developer/Library/Frameworks\"",
					"\"$(DEVELOPER_LIBRARY_DIR)/Frameworks\"",
					"$(inherited)",
				);
				GCC_PRECOMPILE_PREFIX_HEADER = YES;
				GCC_PREFIX_HEADER = "MyPlan 5/MyPlan 5-Prefix.pch";
				INFOPLIST_FILE = "MyPlan 5Tests/MyPlan 5Tests-Info.plist";
				LIBRARY_SEARCH_PATHS = (
					"$(inherited)",
					"\"$(SRCROOT)/MyPlan 5\"",
				);
				PRODUCT_NAME = "$(TARGET_NAME)";
				TEST_HOST = "$(BUNDLE_LOADER)";
			};
			name = Release;
		};
/* End XCBuildConfiguration section */

/* Begin XCConfigurationList section */
		B4CD5C1216BC161C00DD350B /* Build configuration list for PBXProject "MyPlan 5" */ = {
			isa = XCConfigurationList;
			buildConfigurations = (
				B4CD5C5016BC161C00DD350B /* Debug */,
				B4CD5C5116BC161C00DD350B /* Release */,
			);
			defaultConfigurationIsVisible = 0;
			defaultConfigurationName = Release;
		};
		B4CD5C5216BC161C00DD350B /* Build configuration list for PBXNativeTarget "MyPlan 5" */ = {
			isa = XCConfigurationList;
			buildConfigurations = (
				B4CD5C5316BC161C00DD350B /* Debug */,
				B4CD5C5416BC161C00DD350B /* Release */,
			);
			defaultConfigurationIsVisible = 0;
			defaultConfigurationName = Release;
		};
		B4CD5C5516BC161C00DD350B /* Build configuration list for PBXNativeTarget "MyPlan 5Tests" */ = {
			isa = XCConfigurationList;
			buildConfigurations = (
				B4CD5C5616BC161C00DD350B /* Debug */,
				B4CD5C5716BC161C00DD350B /* Release */,
			);
			defaultConfigurationIsVisible = 0;
			defaultConfigurationName = Release;
		};
/* End XCConfigurationList section */

/* Begin XCVersionGroup section */
		FBB53CCF1AE076240086B182 /* Data.xcdatamodeld */ = {
			isa = XCVersionGroup;
			children = (
				FBB53CD01AE076240086B182 /* Data.xcdatamodel */,
			);
			currentVersion = FBB53CD01AE076240086B182 /* Data.xcdatamodel */;
			name = Data.xcdatamodeld;
			path = Database/Data.xcdatamodeld;
			sourceTree = "<group>";
			versionGroupType = wrapper.xcdatamodel;
		};
/* End XCVersionGroup section */
	};
	rootObject = B4CD5C0F16BC161C00DD350B /* Project object */;
}
